
Microsoft Visual Studio Solution File, Format Version 12.00
# Visual Studio Version 17
VisualStudioVersion = 17.9.34607.119
MinimumVisualStudioVersion = 10.0.40219.1
Project("{8BC9CEB8-8B4A-11D0-8D11-00A0C91BC942}") = "MemberStatic", "MemberStatic\MemberStatic.vcxproj", "{FA532DBE-281C-42B4-8A85-8172ED6DA80D}"
EndProject
Project("{8BC9CEB8-8B4A-11D0-8D11-00A0C91BC942}") = "MemberStatic2", "MemberStatic2\MemberStatic2.vcxproj", "{20A3FBBF-6C38-4FE4-A1D1-9AF845AE28C6}"
EndProject
Project("{8BC9CEB8-8B4A-11D0-8D11-00A0C91BC942}") = "MemberStatic3", "MemberStatic3\MemberStatic3.vcxproj", "{856DD93E-3700-41D3-9F0A-040A5AB59FEC}"
EndProject
Project("{8BC9CEB8-8B4A-11D0-8D11-00A0C91BC942}") = "MemberStatic4", "MemberStatic4\MemberStatic4.vcxproj", "{7D2470F8-FDBF-4543-9DDD-54DF49C901EC}"
EndProject
Project("{8BC9CEB8-8B4A-11D0-8D11-00A0C91BC942}") = "MemberStatic5", "MemberStatic5\MemberStatic5.vcxproj", "{91C4D3BC-7E48-46EF-8514-3ED1CD2EE390}"
EndProject
Global
	GlobalSection(SolutionConfigurationPlatforms) = preSolution
		Debug|x64 = Debug|x64
		Debug|x86 = Debug|x86
		Release|x64 = Release|x64
		Release|x86 = Release|x86
	EndGlobalSection
	GlobalSection(ProjectConfigurationPlatforms) = postSolution
		{FA532DBE-281C-42B4-8A85-8172ED6DA80D}.Debug|x64.ActiveCfg = Debug|x64
		{FA532DBE-281C-42B4-8A85-8172ED6DA80D}.Debug|x64.Build.0 = Debug|x64
		{FA532DBE-281C-42B4-8A85-8172ED6DA80D}.Debug|x86.ActiveCfg = Debug|Win32
		{FA532DBE-281C-42B4-8A85-8172ED6DA80D}.Debug|x86.Build.0 = Debug|Win32
		{FA532DBE-281C-42B4-8A85-8172ED6DA80D}.Release|x64.ActiveCfg = Release|x64
		{FA532DBE-281C-42B4-8A85-8172ED6DA80D}.Release|x64.Build.0 = Release|x64
		{FA532DBE-281C-42B4-8A85-8172ED6DA80D}.Release|x86.ActiveCfg = Release|Win32
		{FA532DBE-281C-42B4-8A85-8172ED6DA80D}.Release|x86.Build.0 = Release|Win32
		{20A3FBBF-6C38-4FE4-A1D1-9AF845AE28C6}.Debug|x64.ActiveCfg = Debug|x64
		{20A3FBBF-6C38-4FE4-A1D1-9AF845AE28C6}.Debug|x64.Build.0 = Debug|x64
		{20A3FBBF-6C38-4FE4-A1D1-9AF845AE28C6}.Debug|x86.ActiveCfg = Debug|Win32
		{20A3FBBF-6C38-4FE4-A1D1-9AF845AE28C6}.Debug|x86.Build.0 = Debug|Win32
		{20A3FBBF-6C38-4FE4-A1D1-9AF845AE28C6}.Release|x64.ActiveCfg = Release|x64
		{20A3FBBF-6C38-4FE4-A1D1-9AF845AE28C6}.Release|x64.Build.0 = Release|x64
		{20A3FBBF-6C38-4FE4-A1D1-9AF845AE28C6}.Release|x86.ActiveCfg = Release|Win32
		{20A3FBBF-6C38-4FE4-A1D1-9AF845AE28C6}.Release|x86.Build.0 = Release|Win32
		{856DD93E-3700-41D3-9F0A-040A5AB59FEC}.Debug|x64.ActiveCfg = Debug|x64
		{856DD93E-3700-41D3-9F0A-040A5AB59FEC}.Debug|x64.Build.0 = Debug|x64
		{856DD93E-3700-41D3-9F0A-040A5AB59FEC}.Debug|x86.ActiveCfg = Debug|Win32
		{856DD93E-3700-41D3-9F0A-040A5AB59FEC}.Debug|x86.Build.0 = Debug|Win32
		{856DD93E-3700-41D3-9F0A-040A5AB59FEC}.Release|x64.ActiveCfg = Release|x64
		{856DD93E-3700-41D3-9F0A-040A5AB59FEC}.Release|x64.Build.0 = Release|x64
		{856DD93E-3700-41D3-9F0A-040A5AB59FEC}.Release|x86.ActiveCfg = Release|Win32
		{856DD93E-3700-41D3-9F0A-040A5AB59FEC}.Release|x86.Build.0 = Release|Win32
		{7D2470F8-FDBF-4543-9DDD-54DF49C901EC}.Debug|x64.ActiveCfg = Debug|x64
		{7D2470F8-FDBF-4543-9DDD-54DF49C901EC}.Debug|x64.Build.0 = Debug|x64
		{7D2470F8-FDBF-4543-9DDD-54DF49C901EC}.Debug|x86.ActiveCfg = Debug|Win32
		{7D2470F8-FDBF-4543-9DDD-54DF49C901EC}.Debug|x86.Build.0 = Debug|Win32
		{7D2470F8-FDBF-4543-9DDD-54DF49C901EC}.Release|x64.ActiveCfg = Release|x64
		{7D2470F8-FDBF-4543-9DDD-54DF49C901EC}.Release|x64.Build.0 = Release|x64
		{7D2470F8-FDBF-4543-9DDD-54DF49C901EC}.Release|x86.ActiveCfg = Release|Win32
		{7D2470F8-FDBF-4543-9DDD-54DF49C901EC}.Release|x86.Build.0 = Release|Win32
		{91C4D3BC-7E48-46EF-8514-3ED1CD2EE390}.Debug|x64.ActiveCfg = Debug|x64
		{91C4D3BC-7E48-46EF-8514-3ED1CD2EE390}.Debug|x64.Build.0 = Debug|x64
		{91C4D3BC-7E48-46EF-8514-3ED1CD2EE390}.Debug|x86.ActiveCfg = Debug|Win32
		{91C4D3BC-7E48-46EF-8514-3ED1CD2EE390}.Debug|x86.Build.0 = Debug|Win32
		{91C4D3BC-7E48-46EF-8514-3ED1CD2EE390}.Release|x64.ActiveCfg = Release|x64
		{91C4D3BC-7E48-46EF-8514-3ED1CD2EE390}.Release|x64.Build.0 = Release|x64
		{91C4D3BC-7E48-46EF-8514-3ED1CD2EE390}.Release|x86.ActiveCfg = Release|Win32
		{91C4D3BC-7E48-46EF-8514-3ED1CD2EE390}.Release|x86.Build.0 = Release|Win32
	EndGlobalSection
	GlobalSection(SolutionProperties) = preSolution
		HideSolutionNode = FALSE
	EndGlobalSection
	GlobalSection(ExtensibilityGlobals) = postSolution
		SolutionGuid = {44A443CA-FADC-4DB5-9FC7-EB0CDD1EA1B6}
	EndGlobalSection
EndGlobal
